
Microsoft Visual Studio Solution File, Format Version 12.00
# Visual Studio Version 17
VisualStudioVersion = 17.3.32901.215
MinimumVisualStudioVersion = 10.0.40219.1
Project("{FAE04EC0-301F-11D3-BF4B-00C04F79EFBC}") = "CarsStore", "CarsStore.csproj", "{9FA26E53-A9C5-4F9A-8DA9-92F9BA5DA5D8}"
EndProject
Global
	GlobalSection(SolutionConfigurationPlatforms) = preSolution
		Debug|Any CPU = Debug|Any CPU
		Release|Any CPU = Release|Any CPU
	EndGlobalSection
	GlobalSection(ProjectConfigurationPlatforms) = postSolution
		{9FA26E53-A9C5-4F9A-8DA9-92F9BA5DA5D8}.Debug|Any CPU.ActiveCfg = Debug|Any CPU
		{9FA26E53-A9C5-4F9A-8DA9-92F9BA5DA5D8}.Debug|Any CPU.Build.0 = Debug|Any CPU
		{9FA26E53-A9C5-4F9A-8DA9-92F9BA5DA5D8}.Release|Any CPU.ActiveCfg = Release|Any CPU
		{9FA26E53-A9C5-4F9A-8DA9-92F9BA5DA5D8}.Release|Any CPU.Build.0 = Release|Any CPU
	EndGlobalSection
	GlobalSection(SolutionProperties) = preSolution
		HideSolutionNode = FALSE
	EndGlobalSection
	GlobalSection(ExtensibilityGlobals) = postSolution
		SolutionGuid = {D2839220-74DC-421C-91B8-F8BB3FC40768}
	EndGlobalSection
EndGlobal
